
Microsoft Visual Studio Solution File, Format Version 12.00
# Visual Studio Version 17
VisualStudioVersion = 17.7.34024.191
MinimumVisualStudioVersion = 10.0.40219.1
Project("{FAE04EC0-301F-11D3-BF4B-00C04F79EFBC}") = "CGA_1", "CGA_1\CGA_1.csproj", "{0A0027A5-4F20-4265-8CD4-7BC1DE3E36F5}"
EndProject
Global
	GlobalSection(SolutionConfigurationPlatforms) = preSolution
		Debug|Any CPU = Debug|Any CPU
		Release|Any CPU = Release|Any CPU
	EndGlobalSection
	GlobalSection(ProjectConfigurationPlatforms) = postSolution
		{0A0027A5-4F20-4265-8CD4-7BC1DE3E36F5}.Debug|Any CPU.ActiveCfg = Debug|Any CPU
		{0A0027A5-4F20-4265-8CD4-7BC1DE3E36F5}.Debug|Any CPU.Build.0 = Debug|Any CPU
		{0A0027A5-4F20-4265-8CD4-7BC1DE3E36F5}.Release|Any CPU.ActiveCfg = Release|Any CPU
		{0A0027A5-4F20-4265-8CD4-7BC1DE3E36F5}.Release|Any CPU.Build.0 = Release|Any CPU
	EndGlobalSection
	GlobalSection(SolutionProperties) = preSolution
		HideSolutionNode = FALSE
	EndGlobalSection
	GlobalSection(ExtensibilityGlobals) = postSolution
		SolutionGuid = {9A943709-64CB-4629-A413-F7B8208E44A5}
	EndGlobalSection
EndGlobal
